
Microsoft Visual Studio Solution File, Format Version 12.00
# Visual Studio Version 16
VisualStudioVersion = 16.0.31019.35
MinimumVisualStudioVersion = 10.0.40219.1
Project("{9A19103F-16F7-4668-BE54-9A1E7A4F7556}") = "WebApiTest.Web", "WebApiTest.Web\WebApiTest.Web.csproj", "{E644F73C-4CAA-4491-A812-C8E6BB71B8B6}"
EndProject
Project("{9A19103F-16F7-4668-BE54-9A1E7A4F7556}") = "WebApiTest", "WebApiTest\WebApiTest.csproj", "{E98B2D86-B63C-41A2-8579-977680D5AF41}"
EndProject
Project("{9A19103F-16F7-4668-BE54-9A1E7A4F7556}") = "WebApiTest.Tests", "WebApiTest.Tests\WebApiTest.Tests.csproj", "{E9E7A653-40B8-4EA4-A83D-8B7518F4B9F3}"
EndProject
Global
	GlobalSection(SolutionConfigurationPlatforms) = preSolution
		Debug|Any CPU = Debug|Any CPU
		Release|Any CPU = Release|Any CPU
	EndGlobalSection
	GlobalSection(ProjectConfigurationPlatforms) = postSolution
		{E644F73C-4CAA-4491-A812-C8E6BB71B8B6}.Debug|Any CPU.ActiveCfg = Debug|Any CPU
		{E644F73C-4CAA-4491-A812-C8E6BB71B8B6}.Debug|Any CPU.Build.0 = Debug|Any CPU
		{E644F73C-4CAA-4491-A812-C8E6BB71B8B6}.Release|Any CPU.ActiveCfg = Release|Any CPU
		{E644F73C-4CAA-4491-A812-C8E6BB71B8B6}.Release|Any CPU.Build.0 = Release|Any CPU
		{E98B2D86-B63C-41A2-8579-977680D5AF41}.Debug|Any CPU.ActiveCfg = Debug|Any CPU
		{E98B2D86-B63C-41A2-8579-977680D5AF41}.Debug|Any CPU.Build.0 = Debug|Any CPU
		{E98B2D86-B63C-41A2-8579-977680D5AF41}.Release|Any CPU.ActiveCfg = Release|Any CPU
		{E98B2D86-B63C-41A2-8579-977680D5AF41}.Release|Any CPU.Build.0 = Release|Any CPU
		{E9E7A653-40B8-4EA4-A83D-8B7518F4B9F3}.Debug|Any CPU.ActiveCfg = Debug|Any CPU
		{E9E7A653-40B8-4EA4-A83D-8B7518F4B9F3}.Debug|Any CPU.Build.0 = Debug|Any CPU
		{E9E7A653-40B8-4EA4-A83D-8B7518F4B9F3}.Release|Any CPU.ActiveCfg = Release|Any CPU
		{E9E7A653-40B8-4EA4-A83D-8B7518F4B9F3}.Release|Any CPU.Build.0 = Release|Any CPU
	EndGlobalSection
	GlobalSection(SolutionProperties) = preSolution
		HideSolutionNode = FALSE
	EndGlobalSection
	GlobalSection(ExtensibilityGlobals) = postSolution
		SolutionGuid = {64653E30-2F31-435A-9260-92FB9FE63091}
	EndGlobalSection
EndGlobal
